// !$*UTF8*$!
{
	archiveVersion = 1;
	classes = {
	};
	objectVersion = 46;
	objects = {

/* Begin PBXBuildFile section */
		0B3210F7192685B00083F3FB /* 1-16tempos.m4a in Resources */ = {isa = PBXBuildFile; fileRef = 0B3210F0192685B00083F3FB /* 1-16tempos.m4a */; };
		0B3210F8192685B00083F3FB /* 1-2tempos.m4a in Resources */ = {isa = PBXBuildFile; fileRef = 0B3210F1192685B00083F3FB /* 1-2tempos.m4a */; };
		0B3210F9192685B00083F3FB /* 1-4tempos.m4a in Resources */ = {isa = PBXBuildFile; fileRef = 0B3210F2192685B00083F3FB /* 1-4tempos.m4a */; };
		0B3210FA192685B00083F3FB /* 1-8tempos.m4a in Resources */ = {isa = PBXBuildFile; fileRef = 0B3210F3192685B00083F3FB /* 1-8tempos.m4a */; };
		0B3210FB192685B00083F3FB /* 1tempos.m4a in Resources */ = {isa = PBXBuildFile; fileRef = 0B3210F4192685B00083F3FB /* 1tempos.m4a */; };
		0B3210FC192685B00083F3FB /* 2tempos.m4a in Resources */ = {isa = PBXBuildFile; fileRef = 0B3210F5192685B00083F3FB /* 2tempos.m4a */; };
		0B3210FD192685B00083F3FB /* 4tempos.m4a in Resources */ = {isa = PBXBuildFile; fileRef = 0B3210F6192685B00083F3FB /* 4tempos.m4a */; };
		0B32111E19269E6D0083F3FB /* mario.xml in Resources */ = {isa = PBXBuildFile; fileRef = 0B32111D19269E6D0083F3FB /* mario.xml */; };
		0B32112019269F0B0083F3FB /* atireiGato.xml in Resources */ = {isa = PBXBuildFile; fileRef = 0B32111F19269F0B0083F3FB /* atireiGato.xml */; };
		0B3D6ED9192536BD00231C2E /* parabens.xml in Resources */ = {isa = PBXBuildFile; fileRef = 0B3D6ED8192536BD00231C2E /* parabens.xml */; };
		0B3D6EE11925628400231C2E /* natal.xml in Resources */ = {isa = PBXBuildFile; fileRef = 0B3D6EE01925628400231C2E /* natal.xml */; };
		0B7514001926B45600FF58CD /* 0A.m4a in Resources */ = {isa = PBXBuildFile; fileRef = 0B7513A71926B45500FF58CD /* 0A.m4a */; };
		0B7514011926B45600FF58CD /* 0As.m4a in Resources */ = {isa = PBXBuildFile; fileRef = 0B7513A81926B45500FF58CD /* 0As.m4a */; };
		0B7514021926B45600FF58CD /* 0B.m4a in Resources */ = {isa = PBXBuildFile; fileRef = 0B7513A91926B45500FF58CD /* 0B.m4a */; };
		0B7514031926B45600FF58CD /* 0C.m4a in Resources */ = {isa = PBXBuildFile; fileRef = 0B7513AA1926B45500FF58CD /* 0C.m4a */; };
		0B7514041926B45600FF58CD /* 0Cs.m4a in Resources */ = {isa = PBXBuildFile; fileRef = 0B7513AB1926B45500FF58CD /* 0Cs.m4a */; };
		0B7514051926B45600FF58CD /* 0D.m4a in Resources */ = {isa = PBXBuildFile; fileRef = 0B7513AC1926B45500FF58CD /* 0D.m4a */; };
		0B7514061926B45600FF58CD /* 0Ds.m4a in Resources */ = {isa = PBXBuildFile; fileRef = 0B7513AD1926B45500FF58CD /* 0Ds.m4a */; };
		0B7514071926B45600FF58CD /* 0E.m4a in Resources */ = {isa = PBXBuildFile; fileRef = 0B7513AE1926B45500FF58CD /* 0E.m4a */; };
		0B7514081926B45600FF58CD /* 0F.m4a in Resources */ = {isa = PBXBuildFile; fileRef = 0B7513AF1926B45500FF58CD /* 0F.m4a */; };
		0B7514091926B45600FF58CD /* 0Fs.m4a in Resources */ = {isa = PBXBuildFile; fileRef = 0B7513B01926B45500FF58CD /* 0Fs.m4a */; };
		0B75140A1926B45600FF58CD /* 0G.m4a in Resources */ = {isa = PBXBuildFile; fileRef = 0B7513B11926B45500FF58CD /* 0G.m4a */; };
		0B75140B1926B45600FF58CD /* 0Gs.m4a in Resources */ = {isa = PBXBuildFile; fileRef = 0B7513B21926B45500FF58CD /* 0Gs.m4a */; };
		0B75140C1926B45600FF58CD /* 1A.m4a in Resources */ = {isa = PBXBuildFile; fileRef = 0B7513B31926B45500FF58CD /* 1A.m4a */; };
		0B75140D1926B45600FF58CD /* 1As.m4a in Resources */ = {isa = PBXBuildFile; fileRef = 0B7513B41926B45500FF58CD /* 1As.m4a */; };
		0B75140E1926B45600FF58CD /* 1B.m4a in Resources */ = {isa = PBXBuildFile; fileRef = 0B7513B51926B45500FF58CD /* 1B.m4a */; };
		0B75140F1926B45600FF58CD /* 1C.m4a in Resources */ = {isa = PBXBuildFile; fileRef = 0B7513B61926B45500FF58CD /* 1C.m4a */; };
		0B7514101926B45600FF58CD /* 1Cs.m4a in Resources */ = {isa = PBXBuildFile; fileRef = 0B7513B71926B45500FF58CD /* 1Cs.m4a */; };
		0B7514111926B45600FF58CD /* 1D.m4a in Resources */ = {isa = PBXBuildFile; fileRef = 0B7513B81926B45500FF58CD /* 1D.m4a */; };
		0B7514121926B45600FF58CD /* 1Ds.m4a in Resources */ = {isa = PBXBuildFile; fileRef = 0B7513B91926B45500FF58CD /* 1Ds.m4a */; };
		0B7514131926B45600FF58CD /* 1E.m4a in Resources */ = {isa = PBXBuildFile; fileRef = 0B7513BA1926B45500FF58CD /* 1E.m4a */; };
		0B7514141926B45600FF58CD /* 1F.m4a in Resources */ = {isa = PBXBuildFile; fileRef = 0B7513BB1926B45500FF58CD /* 1F.m4a */; };
		0B7514151926B45600FF58CD /* 1Fs.m4a in Resources */ = {isa = PBXBuildFile; fileRef = 0B7513BC1926B45500FF58CD /* 1Fs.m4a */; };
		0B7514161926B45600FF58CD /* 1G.m4a in Resources */ = {isa = PBXBuildFile; fileRef = 0B7513BD1926B45500FF58CD /* 1G.m4a */; };
		0B7514171926B45600FF58CD /* 1Gs.m4a in Resources */ = {isa = PBXBuildFile; fileRef = 0B7513BE1926B45500FF58CD /* 1Gs.m4a */; };
		0B7514181926B45600FF58CD /* 2A.m4a in Resources */ = {isa = PBXBuildFile; fileRef = 0B7513BF1926B45500FF58CD /* 2A.m4a */; };
		0B7514191926B45600FF58CD /* 2As.m4a in Resources */ = {isa = PBXBuildFile; fileRef = 0B7513C01926B45500FF58CD /* 2As.m4a */; };
		0B75141A1926B45600FF58CD /* 2B.m4a in Resources */ = {isa = PBXBuildFile; fileRef = 0B7513C11926B45500FF58CD /* 2B.m4a */; };
		0B75141B1926B45600FF58CD /* 2C.m4a in Resources */ = {isa = PBXBuildFile; fileRef = 0B7513C21926B45500FF58CD /* 2C.m4a */; };
		0B75141C1926B45600FF58CD /* 2Cs.m4a in Resources */ = {isa = PBXBuildFile; fileRef = 0B7513C31926B45500FF58CD /* 2Cs.m4a */; };
		0B75141D1926B45600FF58CD /* 2D.m4a in Resources */ = {isa = PBXBuildFile; fileRef = 0B7513C41926B45500FF58CD /* 2D.m4a */; };
		0B75141E1926B45600FF58CD /* 2Ds.m4a in Resources */ = {isa = PBXBuildFile; fileRef = 0B7513C51926B45500FF58CD /* 2Ds.m4a */; };
		0B75141F1926B45600FF58CD /* 2E.m4a in Resources */ = {isa = PBXBuildFile; fileRef = 0B7513C61926B45500FF58CD /* 2E.m4a */; };
		0B7514201926B45600FF58CD /* 2F.m4a in Resources */ = {isa = PBXBuildFile; fileRef = 0B7513C71926B45500FF58CD /* 2F.m4a */; };
		0B7514211926B45600FF58CD /* 2Fs.m4a in Resources */ = {isa = PBXBuildFile; fileRef = 0B7513C81926B45500FF58CD /* 2Fs.m4a */; };
		0B7514221926B45600FF58CD /* 2G.m4a in Resources */ = {isa = PBXBuildFile; fileRef = 0B7513C91926B45500FF58CD /* 2G.m4a */; };
		0B7514231926B45600FF58CD /* 2Gs.m4a in Resources */ = {isa = PBXBuildFile; fileRef = 0B7513CA1926B45500FF58CD /* 2Gs.m4a */; };
		0B7514241926B45600FF58CD /* 3A.m4a in Resources */ = {isa = PBXBuildFile; fileRef = 0B7513CB1926B45500FF58CD /* 3A.m4a */; };
		0B7514251926B45600FF58CD /* 3As.m4a in Resources */ = {isa = PBXBuildFile; fileRef = 0B7513CC1926B45500FF58CD /* 3As.m4a */; };
		0B7514261926B45600FF58CD /* 3B.m4a in Resources */ = {isa = PBXBuildFile; fileRef = 0B7513CD1926B45500FF58CD /* 3B.m4a */; };
		0B7514271926B45600FF58CD /* 3C.m4a in Resources */ = {isa = PBXBuildFile; fileRef = 0B7513CE1926B45500FF58CD /* 3C.m4a */; };
		0B7514281926B45600FF58CD /* 3Cs.m4a in Resources */ = {isa = PBXBuildFile; fileRef = 0B7513CF1926B45500FF58CD /* 3Cs.m4a */; };
		0B7514291926B45600FF58CD /* 3D.m4a in Resources */ = {isa = PBXBuildFile; fileRef = 0B7513D01926B45500FF58CD /* 3D.m4a */; };
		0B75142A1926B45600FF58CD /* 3Ds.m4a in Resources */ = {isa = PBXBuildFile; fileRef = 0B7513D11926B45500FF58CD /* 3Ds.m4a */; };
		0B75142B1926B45600FF58CD /* 3E.m4a in Resources */ = {isa = PBXBuildFile; fileRef = 0B7513D21926B45500FF58CD /* 3E.m4a */; };
		0B75142C1926B45600FF58CD /* 3F.m4a in Resources */ = {isa = PBXBuildFile; fileRef = 0B7513D31926B45500FF58CD /* 3F.m4a */; };
		0B75142D1926B45600FF58CD /* 3Fs.m4a in Resources */ = {isa = PBXBuildFile; fileRef = 0B7513D41926B45500FF58CD /* 3Fs.m4a */; };
		0B75142E1926B45600FF58CD /* 3G.m4a in Resources */ = {isa = PBXBuildFile; fileRef = 0B7513D51926B45500FF58CD /* 3G.m4a */; };
		0B75142F1926B45600FF58CD /* 3Gs.m4a in Resources */ = {isa = PBXBuildFile; fileRef = 0B7513D61926B45500FF58CD /* 3Gs.m4a */; };
		0B7514301926B45600FF58CD /* 4A.m4a in Resources */ = {isa = PBXBuildFile; fileRef = 0B7513D71926B45500FF58CD /* 4A.m4a */; };
		0B7514311926B45600FF58CD /* 4As.m4a in Resources */ = {isa = PBXBuildFile; fileRef = 0B7513D81926B45500FF58CD /* 4As.m4a */; };
		0B7514321926B45600FF58CD /* 4B.m4a in Resources */ = {isa = PBXBuildFile; fileRef = 0B7513D91926B45500FF58CD /* 4B.m4a */; };
		0B7514331926B45600FF58CD /* 4C.m4a in Resources */ = {isa = PBXBuildFile; fileRef = 0B7513DA1926B45500FF58CD /* 4C.m4a */; };
		0B7514341926B45600FF58CD /* 4Cs.m4a in Resources */ = {isa = PBXBuildFile; fileRef = 0B7513DB1926B45500FF58CD /* 4Cs.m4a */; };
		0B7514351926B45600FF58CD /* 4D.m4a in Resources */ = {isa = PBXBuildFile; fileRef = 0B7513DC1926B45500FF58CD /* 4D.m4a */; };
		0B7514361926B45600FF58CD /* 4Ds.m4a in Resources */ = {isa = PBXBuildFile; fileRef = 0B7513DD1926B45500FF58CD /* 4Ds.m4a */; };
		0B7514371926B45600FF58CD /* 4E.m4a in Resources */ = {isa = PBXBuildFile; fileRef = 0B7513DE1926B45500FF58CD /* 4E.m4a */; };
		0B7514381926B45600FF58CD /* 4F.m4a in Resources */ = {isa = PBXBuildFile; fileRef = 0B7513DF1926B45500FF58CD /* 4F.m4a */; };
		0B7514391926B45600FF58CD /* 4Fs.m4a in Resources */ = {isa = PBXBuildFile; fileRef = 0B7513E01926B45500FF58CD /* 4Fs.m4a */; };
		0B75143A1926B45600FF58CD /* 4G.m4a in Resources */ = {isa = PBXBuildFile; fileRef = 0B7513E11926B45500FF58CD /* 4G.m4a */; };
		0B75143B1926B45600FF58CD /* 4Gs.m4a in Resources */ = {isa = PBXBuildFile; fileRef = 0B7513E21926B45500FF58CD /* 4Gs.m4a */; };
		0B75143C1926B45600FF58CD /* 5A.m4a in Resources */ = {isa = PBXBuildFile; fileRef = 0B7513E31926B45500FF58CD /* 5A.m4a */; };
		0B75143D1926B45600FF58CD /* 5As.m4a in Resources */ = {isa = PBXBuildFile; fileRef = 0B7513E41926B45500FF58CD /* 5As.m4a */; };
		0B75143E1926B45600FF58CD /* 5B.m4a in Resources */ = {isa = PBXBuildFile; fileRef = 0B7513E51926B45500FF58CD /* 5B.m4a */; };
		0B75143F1926B45600FF58CD /* 5C.m4a in Resources */ = {isa = PBXBuildFile; fileRef = 0B7513E61926B45500FF58CD /* 5C.m4a */; };
		0B7514401926B45600FF58CD /* 5Cs.m4a in Resources */ = {isa = PBXBuildFile; fileRef = 0B7513E71926B45500FF58CD /* 5Cs.m4a */; };
		0B7514411926B45600FF58CD /* 5D.m4a in Resources */ = {isa = PBXBuildFile; fileRef = 0B7513E81926B45500FF58CD /* 5D.m4a */; };
		0B7514421926B45600FF58CD /* 5Ds.m4a in Resources */ = {isa = PBXBuildFile; fileRef = 0B7513E91926B45500FF58CD /* 5Ds.m4a */; };
		0B7514431926B45600FF58CD /* 5E.m4a in Resources */ = {isa = PBXBuildFile; fileRef = 0B7513EA1926B45500FF58CD /* 5E.m4a */; };
		0B7514441926B45600FF58CD /* 5F.m4a in Resources */ = {isa = PBXBuildFile; fileRef = 0B7513EB1926B45500FF58CD /* 5F.m4a */; };
		0B7514451926B45600FF58CD /* 5Fs.m4a in Resources */ = {isa = PBXBuildFile; fileRef = 0B7513EC1926B45500FF58CD /* 5Fs.m4a */; };
		0B7514461926B45600FF58CD /* 5G.m4a in Resources */ = {isa = PBXBuildFile; fileRef = 0B7513ED1926B45500FF58CD /* 5G.m4a */; };
		0B7514471926B45600FF58CD /* 5Gs.m4a in Resources */ = {isa = PBXBuildFile; fileRef = 0B7513EE1926B45500FF58CD /* 5Gs.m4a */; };
		0B7514481926B45600FF58CD /* 6A.m4a in Resources */ = {isa = PBXBuildFile; fileRef = 0B7513EF1926B45500FF58CD /* 6A.m4a */; };
		0B7514491926B45600FF58CD /* 6As.m4a in Resources */ = {isa = PBXBuildFile; fileRef = 0B7513F01926B45500FF58CD /* 6As.m4a */; };
		0B75144A1926B45600FF58CD /* 6B.m4a in Resources */ = {isa = PBXBuildFile; fileRef = 0B7513F11926B45500FF58CD /* 6B.m4a */; };
		0B75144B1926B45600FF58CD /* 6C.m4a in Resources */ = {isa = PBXBuildFile; fileRef = 0B7513F21926B45500FF58CD /* 6C.m4a */; };
		0B75144C1926B45600FF58CD /* 6Cs.m4a in Resources */ = {isa = PBXBuildFile; fileRef = 0B7513F31926B45500FF58CD /* 6Cs.m4a */; };
		0B75144D1926B45600FF58CD /* 6D.m4a in Resources */ = {isa = PBXBuildFile; fileRef = 0B7513F41926B45500FF58CD /* 6D.m4a */; };
		0B75144E1926B45600FF58CD /* 6Ds.m4a in Resources */ = {isa = PBXBuildFile; fileRef = 0B7513F51926B45500FF58CD /* 6Ds.m4a */; };
		0B75144F1926B45600FF58CD /* 6E.m4a in Resources */ = {isa = PBXBuildFile; fileRef = 0B7513F61926B45500FF58CD /* 6E.m4a */; };
		0B7514501926B45600FF58CD /* 6F.m4a in Resources */ = {isa = PBXBuildFile; fileRef = 0B7513F71926B45500FF58CD /* 6F.m4a */; };
		0B7514511926B45600FF58CD /* 6Fs.m4a in Resources */ = {isa = PBXBuildFile; fileRef = 0B7513F81926B45600FF58CD /* 6Fs.m4a */; };
		0B7514521926B45600FF58CD /* 6G.m4a in Resources */ = {isa = PBXBuildFile; fileRef = 0B7513F91926B45600FF58CD /* 6G.m4a */; };
		0B7514531926B45600FF58CD /* 6Gs.aif in Resources */ = {isa = PBXBuildFile; fileRef = 0B7513FA1926B45600FF58CD /* 6Gs.aif */; };
		0B7514541926B45600FF58CD /* 6Gs.m4a in Resources */ = {isa = PBXBuildFile; fileRef = 0B7513FB1926B45600FF58CD /* 6Gs.m4a */; };
		0B7514551926B45600FF58CD /* 7A.m4a in Resources */ = {isa = PBXBuildFile; fileRef = 0B7513FC1926B45600FF58CD /* 7A.m4a */; };
		0B7514561926B45600FF58CD /* 7As.m4a in Resources */ = {isa = PBXBuildFile; fileRef = 0B7513FD1926B45600FF58CD /* 7As.m4a */; };
		0B7514571926B45600FF58CD /* 7B.m4a in Resources */ = {isa = PBXBuildFile; fileRef = 0B7513FE1926B45600FF58CD /* 7B.m4a */; };
		0B7514581926B45600FF58CD /* 7C.m4a in Resources */ = {isa = PBXBuildFile; fileRef = 0B7513FF1926B45600FF58CD /* 7C.m4a */; };
		0B87D53B192165ED007D325E /* Chant.xml in Resources */ = {isa = PBXBuildFile; fileRef = 0B87D53A192165ED007D325E /* Chant.xml */; };
		0BA7AF6A191D4DAF0035C607 /* Foundation.framework in Frameworks */ = {isa = PBXBuildFile; fileRef = 0BA7AF69191D4DAF0035C607 /* Foundation.framework */; };
		0BA7AF6C191D4DAF0035C607 /* CoreGraphics.framework in Frameworks */ = {isa = PBXBuildFile; fileRef = 0BA7AF6B191D4DAF0035C607 /* CoreGraphics.framework */; };
		0BA7AF6E191D4DAF0035C607 /* UIKit.framework in Frameworks */ = {isa = PBXBuildFile; fileRef = 0BA7AF6D191D4DAF0035C607 /* UIKit.framework */; };
		0BA7AF74191D4DAF0035C607 /* InfoPlist.strings in Resources */ = {isa = PBXBuildFile; fileRef = 0BA7AF72191D4DAF0035C607 /* InfoPlist.strings */; };
		0BA7AF76191D4DAF0035C607 /* main.m in Sources */ = {isa = PBXBuildFile; fileRef = 0BA7AF75191D4DAF0035C607 /* main.m */; };
		0BA7AF7A191D4DAF0035C607 /* AppDelegate.m in Sources */ = {isa = PBXBuildFile; fileRef = 0BA7AF79191D4DAF0035C607 /* AppDelegate.m */; };
		0BA7AF7D191D4DAF0035C607 /* Main.storyboard in Resources */ = {isa = PBXBuildFile; fileRef = 0BA7AF7B191D4DAF0035C607 /* Main.storyboard */; };
		0BA7AF80191D4DAF0035C607 /* ViewController.m in Sources */ = {isa = PBXBuildFile; fileRef = 0BA7AF7F191D4DAF0035C607 /* ViewController.m */; };
		0BA7AF82191D4DAF0035C607 /* Images.xcassets in Resources */ = {isa = PBXBuildFile; fileRef = 0BA7AF81191D4DAF0035C607 /* Images.xcassets */; };
		0BA7AF89191D4DAF0035C607 /* XCTest.framework in Frameworks */ = {isa = PBXBuildFile; fileRef = 0BA7AF88191D4DAF0035C607 /* XCTest.framework */; };
		0BA7AF8A191D4DAF0035C607 /* Foundation.framework in Frameworks */ = {isa = PBXBuildFile; fileRef = 0BA7AF69191D4DAF0035C607 /* Foundation.framework */; };
		0BA7AF8B191D4DAF0035C607 /* UIKit.framework in Frameworks */ = {isa = PBXBuildFile; fileRef = 0BA7AF6D191D4DAF0035C607 /* UIKit.framework */; };
		0BA7AF93191D4DAF0035C607 /* InfoPlist.strings in Resources */ = {isa = PBXBuildFile; fileRef = 0BA7AF91191D4DAF0035C607 /* InfoPlist.strings */; };
		0BA7AF95191D4DAF0035C607 /* TesteAppFinalTests.m in Sources */ = {isa = PBXBuildFile; fileRef = 0BA7AF94191D4DAF0035C607 /* TesteAppFinalTests.m */; };
		0BA7D2621923EF4400E2D6FE /* AVFoundation.framework in Frameworks */ = {isa = PBXBuildFile; fileRef = 0BA7D2611923EF4400E2D6FE /* AVFoundation.framework */; };
		0BE509141922B8A600AFF6BC /* salt.xml in Resources */ = {isa = PBXBuildFile; fileRef = 0BE509131922B8A600AFF6BC /* salt.xml */; };
		0BE509161922BC1700AFF6BC /* Saltarello.xml in Resources */ = {isa = PBXBuildFile; fileRef = 0BE509151922BC1700AFF6BC /* Saltarello.xml */; };
		0BE509181922BCF100AFF6BC /* MozaVeilSample.xml in Resources */ = {isa = PBXBuildFile; fileRef = 0BE509171922BCF100AFF6BC /* MozaVeilSample.xml */; };
/* End PBXBuildFile section */

/* Begin PBXContainerItemProxy section */
		0BA7AF8C191D4DAF0035C607 /* PBXContainerItemProxy */ = {
			isa = PBXContainerItemProxy;
			containerPortal = 0BA7AF5E191D4DAF0035C607 /* Project object */;
			proxyType = 1;
			remoteGlobalIDString = 0BA7AF65191D4DAF0035C607;
			remoteInfo = TesteAppFinal;
		};
/* End PBXContainerItemProxy section */

/* Begin PBXFileReference section */
		0B3210F0192685B00083F3FB /* 1-16tempos.m4a */ = {isa = PBXFileReference; lastKnownFileType = file; path = "1-16tempos.m4a"; sourceTree = "<group>"; };
		0B3210F1192685B00083F3FB /* 1-2tempos.m4a */ = {isa = PBXFileReference; lastKnownFileType = file; path = "1-2tempos.m4a"; sourceTree = "<group>"; };
		0B3210F2192685B00083F3FB /* 1-4tempos.m4a */ = {isa = PBXFileReference; lastKnownFileType = file; path = "1-4tempos.m4a"; sourceTree = "<group>"; };
		0B3210F3192685B00083F3FB /* 1-8tempos.m4a */ = {isa = PBXFileReference; lastKnownFileType = file; path = "1-8tempos.m4a"; sourceTree = "<group>"; };
		0B3210F4192685B00083F3FB /* 1tempos.m4a */ = {isa = PBXFileReference; lastKnownFileType = file; path = 1tempos.m4a; sourceTree = "<group>"; };
		0B3210F5192685B00083F3FB /* 2tempos.m4a */ = {isa = PBXFileReference; lastKnownFileType = file; path = 2tempos.m4a; sourceTree = "<group>"; };
		0B3210F6192685B00083F3FB /* 4tempos.m4a */ = {isa = PBXFileReference; lastKnownFileType = file; path = 4tempos.m4a; sourceTree = "<group>"; };
		0B32111D19269E6D0083F3FB /* mario.xml */ = {isa = PBXFileReference; fileEncoding = 4; lastKnownFileType = text.xml; path = mario.xml; sourceTree = "<group>"; };
		0B32111F19269F0B0083F3FB /* atireiGato.xml */ = {isa = PBXFileReference; fileEncoding = 4; lastKnownFileType = text.xml; path = atireiGato.xml; sourceTree = "<group>"; };
		0B3D6ED8192536BD00231C2E /* parabens.xml */ = {isa = PBXFileReference; fileEncoding = 4; lastKnownFileType = text.xml; path = parabens.xml; sourceTree = "<group>"; };
		0B3D6EE01925628400231C2E /* natal.xml */ = {isa = PBXFileReference; fileEncoding = 4; lastKnownFileType = text.xml; path = natal.xml; sourceTree = "<group>"; };
		0B7513A71926B45500FF58CD /* 0A.m4a */ = {isa = PBXFileReference; lastKnownFileType = file; path = 0A.m4a; sourceTree = "<group>"; };
		0B7513A81926B45500FF58CD /* 0As.m4a */ = {isa = PBXFileReference; lastKnownFileType = file; path = 0As.m4a; sourceTree = "<group>"; };
		0B7513A91926B45500FF58CD /* 0B.m4a */ = {isa = PBXFileReference; lastKnownFileType = file; path = 0B.m4a; sourceTree = "<group>"; };
		0B7513AA1926B45500FF58CD /* 0C.m4a */ = {isa = PBXFileReference; lastKnownFileType = file; path = 0C.m4a; sourceTree = "<group>"; };
		0B7513AB1926B45500FF58CD /* 0Cs.m4a */ = {isa = PBXFileReference; lastKnownFileType = file; path = 0Cs.m4a; sourceTree = "<group>"; };
		0B7513AC1926B45500FF58CD /* 0D.m4a */ = {isa = PBXFileReference; lastKnownFileType = file; path = 0D.m4a; sourceTree = "<group>"; };
		0B7513AD1926B45500FF58CD /* 0Ds.m4a */ = {isa = PBXFileReference; lastKnownFileType = file; path = 0Ds.m4a; sourceTree = "<group>"; };
		0B7513AE1926B45500FF58CD /* 0E.m4a */ = {isa = PBXFileReference; lastKnownFileType = file; path = 0E.m4a; sourceTree = "<group>"; };
		0B7513AF1926B45500FF58CD /* 0F.m4a */ = {isa = PBXFileReference; lastKnownFileType = file; path = 0F.m4a; sourceTree = "<group>"; };
		0B7513B01926B45500FF58CD /* 0Fs.m4a */ = {isa = PBXFileReference; lastKnownFileType = file; path = 0Fs.m4a; sourceTree = "<group>"; };
		0B7513B11926B45500FF58CD /* 0G.m4a */ = {isa = PBXFileReference; lastKnownFileType = file; path = 0G.m4a; sourceTree = "<group>"; };
		0B7513B21926B45500FF58CD /* 0Gs.m4a */ = {isa = PBXFileReference; lastKnownFileType = file; path = 0Gs.m4a; sourceTree = "<group>"; };
		0B7513B31926B45500FF58CD /* 1A.m4a */ = {isa = PBXFileReference; lastKnownFileType = file; path = 1A.m4a; sourceTree = "<group>"; };
		0B7513B41926B45500FF58CD /* 1As.m4a */ = {isa = PBXFileReference; lastKnownFileType = file; path = 1As.m4a; sourceTree = "<group>"; };
		0B7513B51926B45500FF58CD /* 1B.m4a */ = {isa = PBXFileReference; lastKnownFileType = file; path = 1B.m4a; sourceTree = "<group>"; };
		0B7513B61926B45500FF58CD /* 1C.m4a */ = {isa = PBXFileReference; lastKnownFileType = file; path = 1C.m4a; sourceTree = "<group>"; };
		0B7513B71926B45500FF58CD /* 1Cs.m4a */ = {isa = PBXFileReference; lastKnownFileType = file; path = 1Cs.m4a; sourceTree = "<group>"; };
		0B7513B81926B45500FF58CD /* 1D.m4a */ = {isa = PBXFileReference; lastKnownFileType = file; path = 1D.m4a; sourceTree = "<group>"; };
		0B7513B91926B45500FF58CD /* 1Ds.m4a */ = {isa = PBXFileReference; lastKnownFileType = file; path = 1Ds.m4a; sourceTree = "<group>"; };
		0B7513BA1926B45500FF58CD /* 1E.m4a */ = {isa = PBXFileReference; lastKnownFileType = file; path = 1E.m4a; sourceTree = "<group>"; };
		0B7513BB1926B45500FF58CD /* 1F.m4a */ = {isa = PBXFileReference; lastKnownFileType = file; path = 1F.m4a; sourceTree = "<group>"; };
		0B7513BC1926B45500FF58CD /* 1Fs.m4a */ = {isa = PBXFileReference; lastKnownFileType = file; path = 1Fs.m4a; sourceTree = "<group>"; };
		0B7513BD1926B45500FF58CD /* 1G.m4a */ = {isa = PBXFileReference; lastKnownFileType = file; path = 1G.m4a; sourceTree = "<group>"; };
		0B7513BE1926B45500FF58CD /* 1Gs.m4a */ = {isa = PBXFileReference; lastKnownFileType = file; path = 1Gs.m4a; sourceTree = "<group>"; };
		0B7513BF1926B45500FF58CD /* 2A.m4a */ = {isa = PBXFileReference; lastKnownFileType = file; path = 2A.m4a; sourceTree = "<group>"; };
		0B7513C01926B45500FF58CD /* 2As.m4a */ = {isa = PBXFileReference; lastKnownFileType = file; path = 2As.m4a; sourceTree = "<group>"; };
		0B7513C11926B45500FF58CD /* 2B.m4a */ = {isa = PBXFileReference; lastKnownFileType = file; path = 2B.m4a; sourceTree = "<group>"; };
		0B7513C21926B45500FF58CD /* 2C.m4a */ = {isa = PBXFileReference; lastKnownFileType = file; path = 2C.m4a; sourceTree = "<group>"; };
		0B7513C31926B45500FF58CD /* 2Cs.m4a */ = {isa = PBXFileReference; lastKnownFileType = file; path = 2Cs.m4a; sourceTree = "<group>"; };
		0B7513C41926B45500FF58CD /* 2D.m4a */ = {isa = PBXFileReference; lastKnownFileType = file; path = 2D.m4a; sourceTree = "<group>"; };
		0B7513C51926B45500FF58CD /* 2Ds.m4a */ = {isa = PBXFileReference; lastKnownFileType = file; path = 2Ds.m4a; sourceTree = "<group>"; };
		0B7513C61926B45500FF58CD /* 2E.m4a */ = {isa = PBXFileReference; lastKnownFileType = file; path = 2E.m4a; sourceTree = "<group>"; };
		0B7513C71926B45500FF58CD /* 2F.m4a */ = {isa = PBXFileReference; lastKnownFileType = file; path = 2F.m4a; sourceTree = "<group>"; };
		0B7513C81926B45500FF58CD /* 2Fs.m4a */ = {isa = PBXFileReference; lastKnownFileType = file; path = 2Fs.m4a; sourceTree = "<group>"; };
		0B7513C91926B45500FF58CD /* 2G.m4a */ = {isa = PBXFileReference; lastKnownFileType = file; path = 2G.m4a; sourceTree = "<group>"; };
		0B7513CA1926B45500FF58CD /* 2Gs.m4a */ = {isa = PBXFileReference; lastKnownFileType = file; path = 2Gs.m4a; sourceTree = "<group>"; };
		0B7513CB1926B45500FF58CD /* 3A.m4a */ = {isa = PBXFileReference; lastKnownFileType = file; path = 3A.m4a; sourceTree = "<group>"; };
		0B7513CC1926B45500FF58CD /* 3As.m4a */ = {isa = PBXFileReference; lastKnownFileType = file; path = 3As.m4a; sourceTree = "<group>"; };
		0B7513CD1926B45500FF58CD /* 3B.m4a */ = {isa = PBXFileReference; lastKnownFileType = file; path = 3B.m4a; sourceTree = "<group>"; };
		0B7513CE1926B45500FF58CD /* 3C.m4a */ = {isa = PBXFileReference; lastKnownFileType = file; path = 3C.m4a; sourceTree = "<group>"; };
		0B7513CF1926B45500FF58CD /* 3Cs.m4a */ = {isa = PBXFileReference; lastKnownFileType = file; path = 3Cs.m4a; sourceTree = "<group>"; };
		0B7513D01926B45500FF58CD /* 3D.m4a */ = {isa = PBXFileReference; lastKnownFileType = file; path = 3D.m4a; sourceTree = "<group>"; };
		0B7513D11926B45500FF58CD /* 3Ds.m4a */ = {isa = PBXFileReference; lastKnownFileType = file; path = 3Ds.m4a; sourceTree = "<group>"; };
		0B7513D21926B45500FF58CD /* 3E.m4a */ = {isa = PBXFileReference; lastKnownFileType = file; path = 3E.m4a; sourceTree = "<group>"; };
		0B7513D31926B45500FF58CD /* 3F.m4a */ = {isa = PBXFileReference; lastKnownFileType = file; path = 3F.m4a; sourceTree = "<group>"; };
		0B7513D41926B45500FF58CD /* 3Fs.m4a */ = {isa = PBXFileReference; lastKnownFileType = file; path = 3Fs.m4a; sourceTree = "<group>"; };
		0B7513D51926B45500FF58CD /* 3G.m4a */ = {isa = PBXFileReference; lastKnownFileType = file; path = 3G.m4a; sourceTree = "<group>"; };
		0B7513D61926B45500FF58CD /* 3Gs.m4a */ = {isa = PBXFileReference; lastKnownFileType = file; path = 3Gs.m4a; sourceTree = "<group>"; };
		0B7513D71926B45500FF58CD /* 4A.m4a */ = {isa = PBXFileReference; lastKnownFileType = file; path = 4A.m4a; sourceTree = "<group>"; };
		0B7513D81926B45500FF58CD /* 4As.m4a */ = {isa = PBXFileReference; lastKnownFileType = file; path = 4As.m4a; sourceTree = "<group>"; };
		0B7513D91926B45500FF58CD /* 4B.m4a */ = {isa = PBXFileReference; lastKnownFileType = file; path = 4B.m4a; sourceTree = "<group>"; };
		0B7513DA1926B45500FF58CD /* 4C.m4a */ = {isa = PBXFileReference; lastKnownFileType = file; path = 4C.m4a; sourceTree = "<group>"; };
		0B7513DB1926B45500FF58CD /* 4Cs.m4a */ = {isa = PBXFileReference; lastKnownFileType = file; path = 4Cs.m4a; sourceTree = "<group>"; };
		0B7513DC1926B45500FF58CD /* 4D.m4a */ = {isa = PBXFileReference; lastKnownFileType = file; path = 4D.m4a; sourceTree = "<group>"; };
		0B7513DD1926B45500FF58CD /* 4Ds.m4a */ = {isa = PBXFileReference; lastKnownFileType = file; path = 4Ds.m4a; sourceTree = "<group>"; };
		0B7513DE1926B45500FF58CD /* 4E.m4a */ = {isa = PBXFileReference; lastKnownFileType = file; path = 4E.m4a; sourceTree = "<group>"; };
		0B7513DF1926B45500FF58CD /* 4F.m4a */ = {isa = PBXFileReference; lastKnownFileType = file; path = 4F.m4a; sourceTree = "<group>"; };
		0B7513E01926B45500FF58CD /* 4Fs.m4a */ = {isa = PBXFileReference; lastKnownFileType = file; path = 4Fs.m4a; sourceTree = "<group>"; };
		0B7513E11926B45500FF58CD /* 4G.m4a */ = {isa = PBXFileReference; lastKnownFileType = file; path = 4G.m4a; sourceTree = "<group>"; };
		0B7513E21926B45500FF58CD /* 4Gs.m4a */ = {isa = PBXFileReference; lastKnownFileType = file; path = 4Gs.m4a; sourceTree = "<group>"; };
		0B7513E31926B45500FF58CD /* 5A.m4a */ = {isa = PBXFileReference; lastKnownFileType = file; path = 5A.m4a; sourceTree = "<group>"; };
		0B7513E41926B45500FF58CD /* 5As.m4a */ = {isa = PBXFileReference; lastKnownFileType = file; path = 5As.m4a; sourceTree = "<group>"; };
		0B7513E51926B45500FF58CD /* 5B.m4a */ = {isa = PBXFileReference; lastKnownFileType = file; path = 5B.m4a; sourceTree = "<group>"; };
		0B7513E61926B45500FF58CD /* 5C.m4a */ = {isa = PBXFileReference; lastKnownFileType = file; path = 5C.m4a; sourceTree = "<group>"; };
		0B7513E71926B45500FF58CD /* 5Cs.m4a */ = {isa = PBXFileReference; lastKnownFileType = file; path = 5Cs.m4a; sourceTree = "<group>"; };
		0B7513E81926B45500FF58CD /* 5D.m4a */ = {isa = PBXFileReference; lastKnownFileType = file; path = 5D.m4a; sourceTree = "<group>"; };
		0B7513E91926B45500FF58CD /* 5Ds.m4a */ = {isa = PBXFileReference; lastKnownFileType = file; path = 5Ds.m4a; sourceTree = "<group>"; };
		0B7513EA1926B45500FF58CD /* 5E.m4a */ = {isa = PBXFileReference; lastKnownFileType = file; path = 5E.m4a; sourceTree = "<group>"; };
		0B7513EB1926B45500FF58CD /* 5F.m4a */ = {isa = PBXFileReference; lastKnownFileType = file; path = 5F.m4a; sourceTree = "<group>"; };
		0B7513EC1926B45500FF58CD /* 5Fs.m4a */ = {isa = PBXFileReference; lastKnownFileType = file; path = 5Fs.m4a; sourceTree = "<group>"; };
		0B7513ED1926B45500FF58CD /* 5G.m4a */ = {isa = PBXFileReference; lastKnownFileType = file; path = 5G.m4a; sourceTree = "<group>"; };
		0B7513EE1926B45500FF58CD /* 5Gs.m4a */ = {isa = PBXFileReference; lastKnownFileType = file; path = 5Gs.m4a; sourceTree = "<group>"; };
		0B7513EF1926B45500FF58CD /* 6A.m4a */ = {isa = PBXFileReference; lastKnownFileType = file; path = 6A.m4a; sourceTree = "<group>"; };
		0B7513F01926B45500FF58CD /* 6As.m4a */ = {isa = PBXFileReference; lastKnownFileType = file; path = 6As.m4a; sourceTree = "<group>"; };
		0B7513F11926B45500FF58CD /* 6B.m4a */ = {isa = PBXFileReference; lastKnownFileType = file; path = 6B.m4a; sourceTree = "<group>"; };
		0B7513F21926B45500FF58CD /* 6C.m4a */ = {isa = PBXFileReference; lastKnownFileType = file; path = 6C.m4a; sourceTree = "<group>"; };
		0B7513F31926B45500FF58CD /* 6Cs.m4a */ = {isa = PBXFileReference; lastKnownFileType = file; path = 6Cs.m4a; sourceTree = "<group>"; };
		0B7513F41926B45500FF58CD /* 6D.m4a */ = {isa = PBXFileReference; lastKnownFileType = file; path = 6D.m4a; sourceTree = "<group>"; };
		0B7513F51926B45500FF58CD /* 6Ds.m4a */ = {isa = PBXFileReference; lastKnownFileType = file; path = 6Ds.m4a; sourceTree = "<group>"; };
		0B7513F61926B45500FF58CD /* 6E.m4a */ = {isa = PBXFileReference; lastKnownFileType = file; path = 6E.m4a; sourceTree = "<group>"; };
		0B7513F71926B45500FF58CD /* 6F.m4a */ = {isa = PBXFileReference; lastKnownFileType = file; path = 6F.m4a; sourceTree = "<group>"; };
		0B7513F81926B45600FF58CD /* 6Fs.m4a */ = {isa = PBXFileReference; lastKnownFileType = file; path = 6Fs.m4a; sourceTree = "<group>"; };
		0B7513F91926B45600FF58CD /* 6G.m4a */ = {isa = PBXFileReference; lastKnownFileType = file; path = 6G.m4a; sourceTree = "<group>"; };
		0B7513FA1926B45600FF58CD /* 6Gs.aif */ = {isa = PBXFileReference; lastKnownFileType = file; path = 6Gs.aif; sourceTree = "<group>"; };
		0B7513FB1926B45600FF58CD /* 6Gs.m4a */ = {isa = PBXFileReference; lastKnownFileType = file; path = 6Gs.m4a; sourceTree = "<group>"; };
		0B7513FC1926B45600FF58CD /* 7A.m4a */ = {isa = PBXFileReference; lastKnownFileType = file; path = 7A.m4a; sourceTree = "<group>"; };
		0B7513FD1926B45600FF58CD /* 7As.m4a */ = {isa = PBXFileReference; lastKnownFileType = file; path = 7As.m4a; sourceTree = "<group>"; };
		0B7513FE1926B45600FF58CD /* 7B.m4a */ = {isa = PBXFileReference; lastKnownFileType = file; path = 7B.m4a; sourceTree = "<group>"; };
		0B7513FF1926B45600FF58CD /* 7C.m4a */ = {isa = PBXFileReference; lastKnownFileType = file; path = 7C.m4a; sourceTree = "<group>"; };
		0B87D53A192165ED007D325E /* Chant.xml */ = {isa = PBXFileReference; fileEncoding = 4; lastKnownFileType = text.xml; path = Chant.xml; sourceTree = "<group>"; };
		0BA7AF66191D4DAF0035C607 /* TesteAppFinal.app */ = {isa = PBXFileReference; explicitFileType = wrapper.application; includeInIndex = 0; path = TesteAppFinal.app; sourceTree = BUILT_PRODUCTS_DIR; };
		0BA7AF69191D4DAF0035C607 /* Foundation.framework */ = {isa = PBXFileReference; lastKnownFileType = wrapper.framework; name = Foundation.framework; path = System/Library/Frameworks/Foundation.framework; sourceTree = SDKROOT; };
		0BA7AF6B191D4DAF0035C607 /* CoreGraphics.framework */ = {isa = PBXFileReference; lastKnownFileType = wrapper.framework; name = CoreGraphics.framework; path = System/Library/Frameworks/CoreGraphics.framework; sourceTree = SDKROOT; };
		0BA7AF6D191D4DAF0035C607 /* UIKit.framework */ = {isa = PBXFileReference; lastKnownFileType = wrapper.framework; name = UIKit.framework; path = System/Library/Frameworks/UIKit.framework; sourceTree = SDKROOT; };
		0BA7AF71191D4DAF0035C607 /* TesteAppFinal-Info.plist */ = {isa = PBXFileReference; lastKnownFileType = text.plist.xml; path = "TesteAppFinal-Info.plist"; sourceTree = "<group>"; };
		0BA7AF73191D4DAF0035C607 /* en */ = {isa = PBXFileReference; lastKnownFileType = text.plist.strings; name = en; path = en.lproj/InfoPlist.strings; sourceTree = "<group>"; };
		0BA7AF75191D4DAF0035C607 /* main.m */ = {isa = PBXFileReference; lastKnownFileType = sourcecode.c.objc; path = main.m; sourceTree = "<group>"; };
		0BA7AF77191D4DAF0035C607 /* TesteAppFinal-Prefix.pch */ = {isa = PBXFileReference; lastKnownFileType = sourcecode.c.h; path = "TesteAppFinal-Prefix.pch"; sourceTree = "<group>"; };
		0BA7AF78191D4DAF0035C607 /* AppDelegate.h */ = {isa = PBXFileReference; lastKnownFileType = sourcecode.c.h; path = AppDelegate.h; sourceTree = "<group>"; };
		0BA7AF79191D4DAF0035C607 /* AppDelegate.m */ = {isa = PBXFileReference; lastKnownFileType = sourcecode.c.objc; path = AppDelegate.m; sourceTree = "<group>"; };
		0BA7AF7C191D4DAF0035C607 /* Base */ = {isa = PBXFileReference; lastKnownFileType = file.storyboard; name = Base; path = Base.lproj/Main.storyboard; sourceTree = "<group>"; };
		0BA7AF7E191D4DAF0035C607 /* ViewController.h */ = {isa = PBXFileReference; lastKnownFileType = sourcecode.c.h; path = ViewController.h; sourceTree = "<group>"; };
		0BA7AF7F191D4DAF0035C607 /* ViewController.m */ = {isa = PBXFileReference; indentWidth = 3; lastKnownFileType = sourcecode.c.objc; path = ViewController.m; sourceTree = "<group>"; };
		0BA7AF81191D4DAF0035C607 /* Images.xcassets */ = {isa = PBXFileReference; lastKnownFileType = folder.assetcatalog; path = Images.xcassets; sourceTree = "<group>"; };
		0BA7AF87191D4DAF0035C607 /* TesteAppFinalTests.xctest */ = {isa = PBXFileReference; explicitFileType = wrapper.cfbundle; includeInIndex = 0; path = TesteAppFinalTests.xctest; sourceTree = BUILT_PRODUCTS_DIR; };
		0BA7AF88191D4DAF0035C607 /* XCTest.framework */ = {isa = PBXFileReference; lastKnownFileType = wrapper.framework; name = XCTest.framework; path = Library/Frameworks/XCTest.framework; sourceTree = DEVELOPER_DIR; };
		0BA7AF90191D4DAF0035C607 /* TesteAppFinalTests-Info.plist */ = {isa = PBXFileReference; lastKnownFileType = text.plist.xml; path = "TesteAppFinalTests-Info.plist"; sourceTree = "<group>"; };
		0BA7AF92191D4DAF0035C607 /* en */ = {isa = PBXFileReference; lastKnownFileType = text.plist.strings; name = en; path = en.lproj/InfoPlist.strings; sourceTree = "<group>"; };
		0BA7AF94191D4DAF0035C607 /* TesteAppFinalTests.m */ = {isa = PBXFileReference; lastKnownFileType = sourcecode.c.objc; path = TesteAppFinalTests.m; sourceTree = "<group>"; };
		0BA7D2611923EF4400E2D6FE /* AVFoundation.framework */ = {isa = PBXFileReference; lastKnownFileType = wrapper.framework; name = AVFoundation.framework; path = System/Library/Frameworks/AVFoundation.framework; sourceTree = SDKROOT; };
		0BE509131922B8A600AFF6BC /* salt.xml */ = {isa = PBXFileReference; fileEncoding = 4; lastKnownFileType = text.xml; path = salt.xml; sourceTree = "<group>"; };
		0BE509151922BC1700AFF6BC /* Saltarello.xml */ = {isa = PBXFileReference; fileEncoding = 4; lastKnownFileType = text.xml; path = Saltarello.xml; sourceTree = "<group>"; };
		0BE509171922BCF100AFF6BC /* MozaVeilSample.xml */ = {isa = PBXFileReference; fileEncoding = 4; lastKnownFileType = text.xml; path = MozaVeilSample.xml; sourceTree = "<group>"; };
/* End PBXFileReference section */

/* Begin PBXFrameworksBuildPhase section */
		0BA7AF63191D4DAF0035C607 /* Frameworks */ = {
			isa = PBXFrameworksBuildPhase;
			buildActionMask = 2147483647;
			files = (
				0BA7D2621923EF4400E2D6FE /* AVFoundation.framework in Frameworks */,
				0BA7AF6C191D4DAF0035C607 /* CoreGraphics.framework in Frameworks */,
				0BA7AF6E191D4DAF0035C607 /* UIKit.framework in Frameworks */,
				0BA7AF6A191D4DAF0035C607 /* Foundation.framework in Frameworks */,
			);
			runOnlyForDeploymentPostprocessing = 0;
		};
		0BA7AF84191D4DAF0035C607 /* Frameworks */ = {
			isa = PBXFrameworksBuildPhase;
			buildActionMask = 2147483647;
			files = (
				0BA7AF89191D4DAF0035C607 /* XCTest.framework in Frameworks */,
				0BA7AF8B191D4DAF0035C607 /* UIKit.framework in Frameworks */,
				0BA7AF8A191D4DAF0035C607 /* Foundation.framework in Frameworks */,
			);
			runOnlyForDeploymentPostprocessing = 0;
		};
/* End PBXFrameworksBuildPhase section */

/* Begin PBXGroup section */
		0B3210EF192685B00083F3FB /* Tempo Pausa */ = {
			isa = PBXGroup;
			children = (
				0B3210F0192685B00083F3FB /* 1-16tempos.m4a */,
				0B3210F1192685B00083F3FB /* 1-2tempos.m4a */,
				0B3210F2192685B00083F3FB /* 1-4tempos.m4a */,
				0B3210F3192685B00083F3FB /* 1-8tempos.m4a */,
				0B3210F4192685B00083F3FB /* 1tempos.m4a */,
				0B3210F5192685B00083F3FB /* 2tempos.m4a */,
				0B3210F6192685B00083F3FB /* 4tempos.m4a */,
			);
			path = "Tempo Pausa";
			sourceTree = "<group>";
		};
		0B7513A61926B45500FF58CD /* notas */ = {
			isa = PBXGroup;
			children = (
				0B7513A71926B45500FF58CD /* 0A.m4a */,
				0B7513A81926B45500FF58CD /* 0As.m4a */,
				0B7513A91926B45500FF58CD /* 0B.m4a */,
				0B7513AA1926B45500FF58CD /* 0C.m4a */,
				0B7513AB1926B45500FF58CD /* 0Cs.m4a */,
				0B7513AC1926B45500FF58CD /* 0D.m4a */,
				0B7513AD1926B45500FF58CD /* 0Ds.m4a */,
				0B7513AE1926B45500FF58CD /* 0E.m4a */,
				0B7513AF1926B45500FF58CD /* 0F.m4a */,
				0B7513B01926B45500FF58CD /* 0Fs.m4a */,
				0B7513B11926B45500FF58CD /* 0G.m4a */,
				0B7513B21926B45500FF58CD /* 0Gs.m4a */,
				0B7513B31926B45500FF58CD /* 1A.m4a */,
				0B7513B41926B45500FF58CD /* 1As.m4a */,
				0B7513B51926B45500FF58CD /* 1B.m4a */,
				0B7513B61926B45500FF58CD /* 1C.m4a */,
				0B7513B71926B45500FF58CD /* 1Cs.m4a */,
				0B7513B81926B45500FF58CD /* 1D.m4a */,
				0B7513B91926B45500FF58CD /* 1Ds.m4a */,
				0B7513BA1926B45500FF58CD /* 1E.m4a */,
				0B7513BB1926B45500FF58CD /* 1F.m4a */,
				0B7513BC1926B45500FF58CD /* 1Fs.m4a */,
				0B7513BD1926B45500FF58CD /* 1G.m4a */,
				0B7513BE1926B45500FF58CD /* 1Gs.m4a */,
				0B7513BF1926B45500FF58CD /* 2A.m4a */,
				0B7513C01926B45500FF58CD /* 2As.m4a */,
				0B7513C11926B45500FF58CD /* 2B.m4a */,
				0B7513C21926B45500FF58CD /* 2C.m4a */,
				0B7513C31926B45500FF58CD /* 2Cs.m4a */,
				0B7513C41926B45500FF58CD /* 2D.m4a */,
				0B7513C51926B45500FF58CD /* 2Ds.m4a */,
				0B7513C61926B45500FF58CD /* 2E.m4a */,
				0B7513C71926B45500FF58CD /* 2F.m4a */,
				0B7513C81926B45500FF58CD /* 2Fs.m4a */,
				0B7513C91926B45500FF58CD /* 2G.m4a */,
				0B7513CA1926B45500FF58CD /* 2Gs.m4a */,
				0B7513CB1926B45500FF58CD /* 3A.m4a */,
				0B7513CC1926B45500FF58CD /* 3As.m4a */,
				0B7513CD1926B45500FF58CD /* 3B.m4a */,
				0B7513CE1926B45500FF58CD /* 3C.m4a */,
				0B7513CF1926B45500FF58CD /* 3Cs.m4a */,
				0B7513D01926B45500FF58CD /* 3D.m4a */,
				0B7513D11926B45500FF58CD /* 3Ds.m4a */,
				0B7513D21926B45500FF58CD /* 3E.m4a */,
				0B7513D31926B45500FF58CD /* 3F.m4a */,
				0B7513D41926B45500FF58CD /* 3Fs.m4a */,
				0B7513D51926B45500FF58CD /* 3G.m4a */,
				0B7513D61926B45500FF58CD /* 3Gs.m4a */,
				0B7513D71926B45500FF58CD /* 4A.m4a */,
				0B7513D81926B45500FF58CD /* 4As.m4a */,
				0B7513D91926B45500FF58CD /* 4B.m4a */,
				0B7513DA1926B45500FF58CD /* 4C.m4a */,
				0B7513DB1926B45500FF58CD /* 4Cs.m4a */,
				0B7513DC1926B45500FF58CD /* 4D.m4a */,
				0B7513DD1926B45500FF58CD /* 4Ds.m4a */,
				0B7513DE1926B45500FF58CD /* 4E.m4a */,
				0B7513DF1926B45500FF58CD /* 4F.m4a */,
				0B7513E01926B45500FF58CD /* 4Fs.m4a */,
				0B7513E11926B45500FF58CD /* 4G.m4a */,
				0B7513E21926B45500FF58CD /* 4Gs.m4a */,
				0B7513E31926B45500FF58CD /* 5A.m4a */,
				0B7513E41926B45500FF58CD /* 5As.m4a */,
				0B7513E51926B45500FF58CD /* 5B.m4a */,
				0B7513E61926B45500FF58CD /* 5C.m4a */,
				0B7513E71926B45500FF58CD /* 5Cs.m4a */,
				0B7513E81926B45500FF58CD /* 5D.m4a */,
				0B7513E91926B45500FF58CD /* 5Ds.m4a */,
				0B7513EA1926B45500FF58CD /* 5E.m4a */,
				0B7513EB1926B45500FF58CD /* 5F.m4a */,
				0B7513EC1926B45500FF58CD /* 5Fs.m4a */,
				0B7513ED1926B45500FF58CD /* 5G.m4a */,
				0B7513EE1926B45500FF58CD /* 5Gs.m4a */,
				0B7513EF1926B45500FF58CD /* 6A.m4a */,
				0B7513F01926B45500FF58CD /* 6As.m4a */,
				0B7513F11926B45500FF58CD /* 6B.m4a */,
				0B7513F21926B45500FF58CD /* 6C.m4a */,
				0B7513F31926B45500FF58CD /* 6Cs.m4a */,
				0B7513F41926B45500FF58CD /* 6D.m4a */,
				0B7513F51926B45500FF58CD /* 6Ds.m4a */,
				0B7513F61926B45500FF58CD /* 6E.m4a */,
				0B7513F71926B45500FF58CD /* 6F.m4a */,
				0B7513F81926B45600FF58CD /* 6Fs.m4a */,
				0B7513F91926B45600FF58CD /* 6G.m4a */,
				0B7513FA1926B45600FF58CD /* 6Gs.aif */,
				0B7513FB1926B45600FF58CD /* 6Gs.m4a */,
				0B7513FC1926B45600FF58CD /* 7A.m4a */,
				0B7513FD1926B45600FF58CD /* 7As.m4a */,
				0B7513FE1926B45600FF58CD /* 7B.m4a */,
				0B7513FF1926B45600FF58CD /* 7C.m4a */,
			);
			path = notas;
			sourceTree = "<group>";
		};
		0BA7AF5D191D4DAF0035C607 = {
			isa = PBXGroup;
			children = (
				0B7513A61926B45500FF58CD /* notas */,
				0B3210EF192685B00083F3FB /* Tempo Pausa */,
				0BA7AF6F191D4DAF0035C607 /* TesteAppFinal */,
				0BA7AF8E191D4DAF0035C607 /* TesteAppFinalTests */,
				0BA7AF68191D4DAF0035C607 /* Frameworks */,
				0BA7AF67191D4DAF0035C607 /* Products */,
			);
			sourceTree = "<group>";
		};
		0BA7AF67191D4DAF0035C607 /* Products */ = {
			isa = PBXGroup;
			children = (
				0BA7AF66191D4DAF0035C607 /* TesteAppFinal.app */,
				0BA7AF87191D4DAF0035C607 /* TesteAppFinalTests.xctest */,
			);
			name = Products;
			sourceTree = "<group>";
		};
		0BA7AF68191D4DAF0035C607 /* Frameworks */ = {
			isa = PBXGroup;
			children = (
				0BA7D2611923EF4400E2D6FE /* AVFoundation.framework */,
				0BA7AF69191D4DAF0035C607 /* Foundation.framework */,
				0BA7AF6B191D4DAF0035C607 /* CoreGraphics.framework */,
				0BA7AF6D191D4DAF0035C607 /* UIKit.framework */,
				0BA7AF88191D4DAF0035C607 /* XCTest.framework */,
			);
			name = Frameworks;
			sourceTree = "<group>";
		};
		0BA7AF6F191D4DAF0035C607 /* TesteAppFinal */ = {
			isa = PBXGroup;
			children = (
				0B32111D19269E6D0083F3FB /* mario.xml */,
				0B32111F19269F0B0083F3FB /* atireiGato.xml */,
				0B87D53A192165ED007D325E /* Chant.xml */,
				0BE509171922BCF100AFF6BC /* MozaVeilSample.xml */,
				0BE509151922BC1700AFF6BC /* Saltarello.xml */,
				0B3D6EE01925628400231C2E /* natal.xml */,
				0B3D6ED8192536BD00231C2E /* parabens.xml */,
				0BE509131922B8A600AFF6BC /* salt.xml */,
				0BA7AF78191D4DAF0035C607 /* AppDelegate.h */,
				0BA7AF79191D4DAF0035C607 /* AppDelegate.m */,
				0BA7AF7B191D4DAF0035C607 /* Main.storyboard */,
				0BA7AF7E191D4DAF0035C607 /* ViewController.h */,
				0BA7AF7F191D4DAF0035C607 /* ViewController.m */,
				0BA7AF81191D4DAF0035C607 /* Images.xcassets */,
				0BA7AF70191D4DAF0035C607 /* Supporting Files */,
			);
			path = TesteAppFinal;
			sourceTree = "<group>";
		};
		0BA7AF70191D4DAF0035C607 /* Supporting Files */ = {
			isa = PBXGroup;
			children = (
				0BA7AF71191D4DAF0035C607 /* TesteAppFinal-Info.plist */,
				0BA7AF72191D4DAF0035C607 /* InfoPlist.strings */,
				0BA7AF75191D4DAF0035C607 /* main.m */,
				0BA7AF77191D4DAF0035C607 /* TesteAppFinal-Prefix.pch */,
			);
			name = "Supporting Files";
			sourceTree = "<group>";
		};
		0BA7AF8E191D4DAF0035C607 /* TesteAppFinalTests */ = {
			isa = PBXGroup;
			children = (
				0BA7AF94191D4DAF0035C607 /* TesteAppFinalTests.m */,
				0BA7AF8F191D4DAF0035C607 /* Supporting Files */,
			);
			path = TesteAppFinalTests;
			sourceTree = "<group>";
		};
		0BA7AF8F191D4DAF0035C607 /* Supporting Files */ = {
			isa = PBXGroup;
			children = (
				0BA7AF90191D4DAF0035C607 /* TesteAppFinalTests-Info.plist */,
				0BA7AF91191D4DAF0035C607 /* InfoPlist.strings */,
			);
			name = "Supporting Files";
			sourceTree = "<group>";
		};
/* End PBXGroup section */

/* Begin PBXNativeTarget section */
		0BA7AF65191D4DAF0035C607 /* TesteAppFinal */ = {
			isa = PBXNativeTarget;
			buildConfigurationList = 0BA7AF98191D4DAF0035C607 /* Build configuration list for PBXNativeTarget "TesteAppFinal" */;
			buildPhases = (
				0BA7AF62191D4DAF0035C607 /* Sources */,
				0BA7AF63191D4DAF0035C607 /* Frameworks */,
				0BA7AF64191D4DAF0035C607 /* Resources */,
			);
			buildRules = (
			);
			dependencies = (
			);
			name = TesteAppFinal;
			productName = TesteAppFinal;
			productReference = 0BA7AF66191D4DAF0035C607 /* TesteAppFinal.app */;
			productType = "com.apple.product-type.application";
		};
		0BA7AF86191D4DAF0035C607 /* TesteAppFinalTests */ = {
			isa = PBXNativeTarget;
			buildConfigurationList = 0BA7AF9B191D4DAF0035C607 /* Build configuration list for PBXNativeTarget "TesteAppFinalTests" */;
			buildPhases = (
				0BA7AF83191D4DAF0035C607 /* Sources */,
				0BA7AF84191D4DAF0035C607 /* Frameworks */,
				0BA7AF85191D4DAF0035C607 /* Resources */,
			);
			buildRules = (
			);
			dependencies = (
				0BA7AF8D191D4DAF0035C607 /* PBXTargetDependency */,
			);
			name = TesteAppFinalTests;
			productName = TesteAppFinalTests;
			productReference = 0BA7AF87191D4DAF0035C607 /* TesteAppFinalTests.xctest */;
			productType = "com.apple.product-type.bundle.unit-test";
		};
/* End PBXNativeTarget section */

/* Begin PBXProject section */
		0BA7AF5E191D4DAF0035C607 /* Project object */ = {
			isa = PBXProject;
			attributes = {
				LastUpgradeCheck = 0510;
				ORGANIZATIONNAME = "VINICIUS RESENDE FIALHO";
				TargetAttributes = {
					0BA7AF86191D4DAF0035C607 = {
						TestTargetID = 0BA7AF65191D4DAF0035C607;
					};
				};
			};
			buildConfigurationList = 0BA7AF61191D4DAF0035C607 /* Build configuration list for PBXProject "TesteAppFinal" */;
			compatibilityVersion = "Xcode 3.2";
			developmentRegion = English;
			hasScannedForEncodings = 0;
			knownRegions = (
				en,
				Base,
			);
			mainGroup = 0BA7AF5D191D4DAF0035C607;
			productRefGroup = 0BA7AF67191D4DAF0035C607 /* Products */;
			projectDirPath = "";
			projectRoot = "";
			targets = (
				0BA7AF65191D4DAF0035C607 /* TesteAppFinal */,
				0BA7AF86191D4DAF0035C607 /* TesteAppFinalTests */,
			);
		};
/* End PBXProject section */

/* Begin PBXResourcesBuildPhase section */
		0BA7AF64191D4DAF0035C607 /* Resources */ = {
			isa = PBXResourcesBuildPhase;
			buildActionMask = 2147483647;
			files = (
				0B75142E1926B45600FF58CD /* 3G.m4a in Resources */,
				0B7514171926B45600FF58CD /* 1Gs.m4a in Resources */,
				0B7514191926B45600FF58CD /* 2As.m4a in Resources */,
				0B7514571926B45600FF58CD /* 7B.m4a in Resources */,
				0B75144B1926B45600FF58CD /* 6C.m4a in Resources */,
				0B7514141926B45600FF58CD /* 1F.m4a in Resources */,
				0B3210F7192685B00083F3FB /* 1-16tempos.m4a in Resources */,
				0B7514451926B45600FF58CD /* 5Fs.m4a in Resources */,
				0B3D6ED9192536BD00231C2E /* parabens.xml in Resources */,
				0B7514241926B45600FF58CD /* 3A.m4a in Resources */,
				0B75141A1926B45600FF58CD /* 2B.m4a in Resources */,
				0B75144C1926B45600FF58CD /* 6Cs.m4a in Resources */,
				0B7514211926B45600FF58CD /* 2Fs.m4a in Resources */,
				0B7514271926B45600FF58CD /* 3C.m4a in Resources */,
				0B7514081926B45600FF58CD /* 0F.m4a in Resources */,
				0B3210FB192685B00083F3FB /* 1tempos.m4a in Resources */,
				0B75140F1926B45600FF58CD /* 1C.m4a in Resources */,
				0B75144D1926B45600FF58CD /* 6D.m4a in Resources */,
				0B75144F1926B45600FF58CD /* 6E.m4a in Resources */,
				0B75140E1926B45600FF58CD /* 1B.m4a in Resources */,
				0B7514011926B45600FF58CD /* 0As.m4a in Resources */,
				0B75144E1926B45600FF58CD /* 6Ds.m4a in Resources */,
				0B7514361926B45600FF58CD /* 4Ds.m4a in Resources */,
				0B3210F9192685B00083F3FB /* 1-4tempos.m4a in Resources */,
				0B75141D1926B45600FF58CD /* 2D.m4a in Resources */,
				0B7514151926B45600FF58CD /* 1Fs.m4a in Resources */,
				0B7514281926B45600FF58CD /* 3Cs.m4a in Resources */,
				0B75140C1926B45600FF58CD /* 1A.m4a in Resources */,
				0B32111E19269E6D0083F3FB /* mario.xml in Resources */,
				0B3210FA192685B00083F3FB /* 1-8tempos.m4a in Resources */,
				0B7514321926B45600FF58CD /* 4B.m4a in Resources */,
				0B7514391926B45600FF58CD /* 4Fs.m4a in Resources */,
				0B3210F8192685B00083F3FB /* 1-2tempos.m4a in Resources */,
				0B75141E1926B45600FF58CD /* 2Ds.m4a in Resources */,
				0B7514331926B45600FF58CD /* 4C.m4a in Resources */,
				0B7514201926B45600FF58CD /* 2F.m4a in Resources */,
				0B75142B1926B45600FF58CD /* 3E.m4a in Resources */,
				0B7514251926B45600FF58CD /* 3As.m4a in Resources */,
				0B7514521926B45600FF58CD /* 6G.m4a in Resources */,
				0B7514291926B45600FF58CD /* 3D.m4a in Resources */,
				0B7514371926B45600FF58CD /* 4E.m4a in Resources */,
				0BE509181922BCF100AFF6BC /* MozaVeilSample.xml in Resources */,
				0BE509161922BC1700AFF6BC /* Saltarello.xml in Resources */,
				0B7514581926B45600FF58CD /* 7C.m4a in Resources */,
				0B7514051926B45600FF58CD /* 0D.m4a in Resources */,
				0B7514461926B45600FF58CD /* 5G.m4a in Resources */,
				0B7514311926B45600FF58CD /* 4As.m4a in Resources */,
				0B75143C1926B45600FF58CD /* 5A.m4a in Resources */,
				0B3D6EE11925628400231C2E /* natal.xml in Resources */,
				0B7514301926B45600FF58CD /* 4A.m4a in Resources */,
				0B75143B1926B45600FF58CD /* 4Gs.m4a in Resources */,
				0B7514061926B45600FF58CD /* 0Ds.m4a in Resources */,
				0B7514071926B45600FF58CD /* 0E.m4a in Resources */,
				0B75143A1926B45600FF58CD /* 4G.m4a in Resources */,
				0B75143E1926B45600FF58CD /* 5B.m4a in Resources */,
				0B7514351926B45600FF58CD /* 4D.m4a in Resources */,
				0B7514501926B45600FF58CD /* 6F.m4a in Resources */,
				0B7514001926B45600FF58CD /* 0A.m4a in Resources */,
				0B7514091926B45600FF58CD /* 0Fs.m4a in Resources */,
				0B75142D1926B45600FF58CD /* 3Fs.m4a in Resources */,
				0B75143D1926B45600FF58CD /* 5As.m4a in Resources */,
				0B7514101926B45600FF58CD /* 1Cs.m4a in Resources */,
				0B87D53B192165ED007D325E /* Chant.xml in Resources */,
				0B7514031926B45600FF58CD /* 0C.m4a in Resources */,
				0BE509141922B8A600AFF6BC /* salt.xml in Resources */,
				0B7514121926B45600FF58CD /* 1Ds.m4a in Resources */,
				0B7514491926B45600FF58CD /* 6As.m4a in Resources */,
				0BA7AF82191D4DAF0035C607 /* Images.xcassets in Resources */,
				0B7514401926B45600FF58CD /* 5Cs.m4a in Resources */,
				0B75143F1926B45600FF58CD /* 5C.m4a in Resources */,
				0B75140B1926B45600FF58CD /* 0Gs.m4a in Resources */,
				0B75141C1926B45600FF58CD /* 2Cs.m4a in Resources */,
				0B7514431926B45600FF58CD /* 5E.m4a in Resources */,
				0B75142A1926B45600FF58CD /* 3Ds.m4a in Resources */,
				0B75141F1926B45600FF58CD /* 2E.m4a in Resources */,
				0B7514161926B45600FF58CD /* 1G.m4a in Resources */,
				0B7514471926B45600FF58CD /* 5Gs.m4a in Resources */,
				0B7514411926B45600FF58CD /* 5D.m4a in Resources */,
				0B75144A1926B45600FF58CD /* 6B.m4a in Resources */,
				0B75142F1926B45600FF58CD /* 3Gs.m4a in Resources */,
				0B7514551926B45600FF58CD /* 7A.m4a in Resources */,
				0B7514231926B45600FF58CD /* 2Gs.m4a in Resources */,
				0B7514441926B45600FF58CD /* 5F.m4a in Resources */,
				0BA7AF74191D4DAF0035C607 /* InfoPlist.strings in Resources */,
				0B7514421926B45600FF58CD /* 5Ds.m4a in Resources */,
				0B7514541926B45600FF58CD /* 6Gs.m4a in Resources */,
				0B3210FC192685B00083F3FB /* 2tempos.m4a in Resources */,
				0B7514041926B45600FF58CD /* 0Cs.m4a in Resources */,
				0B7514381926B45600FF58CD /* 4F.m4a in Resources */,
				0B3210FD192685B00083F3FB /* 4tempos.m4a in Resources */,
				0B75141B1926B45600FF58CD /* 2C.m4a in Resources */,
				0B7514531926B45600FF58CD /* 6Gs.aif in Resources */,
				0B7514561926B45600FF58CD /* 7As.m4a in Resources */,
				0B7514481926B45600FF58CD /* 6A.m4a in Resources */,
				0B7514021926B45600FF58CD /* 0B.m4a in Resources */,
				0B75140D1926B45600FF58CD /* 1As.m4a in Resources */,
				0BA7AF7D191D4DAF0035C607 /* Main.storyboard in Resources */,
				0B7514221926B45600FF58CD /* 2G.m4a in Resources */,
				0B7514181926B45600FF58CD /* 2A.m4a in Resources */,
				0B32112019269F0B0083F3FB /* atireiGato.xml in Resources */,
				0B75140A1926B45600FF58CD /* 0G.m4a in Resources */,
				0B7514511926B45600FF58CD /* 6Fs.m4a in Resources */,
				0B75142C1926B45600FF58CD /* 3F.m4a in Resources */,
				0B7514261926B45600FF58CD /* 3B.m4a in Resources */,
				0B7514341926B45600FF58CD /* 4Cs.m4a in Resources */,
				0B7514131926B45600FF58CD /* 1E.m4a in Resources */,
				0B7514111926B45600FF58CD /* 1D.m4a in Resources */,
			);
			runOnlyForDeploymentPostprocessing = 0;
		};
		0BA7AF85191D4DAF0035C607 /* Resources */ = {
			isa = PBXResourcesBuildPhase;
			buildActionMask = 2147483647;
			files = (
				0BA7AF93191D4DAF0035C607 /* InfoPlist.strings in Resources */,
			);
			runOnlyForDeploymentPostprocessing = 0;
		};
/* End PBXResourcesBuildPhase section */

/* Begin PBXSourcesBuildPhase section */
		0BA7AF62191D4DAF0035C607 /* Sources */ = {
			isa = PBXSourcesBuildPhase;
			buildActionMask = 2147483647;
			files = (
				0BA7AF80191D4DAF0035C607 /* ViewController.m in Sources */,
				0BA7AF7A191D4DAF0035C607 /* AppDelegate.m in Sources */,
				0BA7AF76191D4DAF0035C607 /* main.m in Sources */,
			);
			runOnlyForDeploymentPostprocessing = 0;
		};
		0BA7AF83191D4DAF0035C607 /* Sources */ = {
			isa = PBXSourcesBuildPhase;
			buildActionMask = 2147483647;
			files = (
				0BA7AF95191D4DAF0035C607 /* TesteAppFinalTests.m in Sources */,
			);
			runOnlyForDeploymentPostprocessing = 0;
		};
/* End PBXSourcesBuildPhase section */

/* Begin PBXTargetDependency section */
		0BA7AF8D191D4DAF0035C607 /* PBXTargetDependency */ = {
			isa = PBXTargetDependency;
			target = 0BA7AF65191D4DAF0035C607 /* TesteAppFinal */;
			targetProxy = 0BA7AF8C191D4DAF0035C607 /* PBXContainerItemProxy */;
		};
/* End PBXTargetDependency section */

/* Begin PBXVariantGroup section */
		0BA7AF72191D4DAF0035C607 /* InfoPlist.strings */ = {
			isa = PBXVariantGroup;
			children = (
				0BA7AF73191D4DAF0035C607 /* en */,
			);
			name = InfoPlist.strings;
			sourceTree = "<group>";
		};
		0BA7AF7B191D4DAF0035C607 /* Main.storyboard */ = {
			isa = PBXVariantGroup;
			children = (
				0BA7AF7C191D4DAF0035C607 /* Base */,
			);
			name = Main.storyboard;
			sourceTree = "<group>";
		};
		0BA7AF91191D4DAF0035C607 /* InfoPlist.strings */ = {
			isa = PBXVariantGroup;
			children = (
				0BA7AF92191D4DAF0035C607 /* en */,
			);
			name = InfoPlist.strings;
			sourceTree = "<group>";
		};
/* End PBXVariantGroup section */

/* Begin XCBuildConfiguration section */
		0BA7AF96191D4DAF0035C607 /* Debug */ = {
			isa = XCBuildConfiguration;
			buildSettings = {
				ALWAYS_SEARCH_USER_PATHS = NO;
				CLANG_CXX_LANGUAGE_STANDARD = "gnu++0x";
				CLANG_CXX_LIBRARY = "libc++";
				CLANG_ENABLE_MODULES = YES;
				CLANG_ENABLE_OBJC_ARC = YES;
				CLANG_WARN_BOOL_CONVERSION = YES;
				CLANG_WARN_CONSTANT_CONVERSION = YES;
				CLANG_WARN_DIRECT_OBJC_ISA_USAGE = YES_ERROR;
				CLANG_WARN_EMPTY_BODY = YES;
				CLANG_WARN_ENUM_CONVERSION = YES;
				CLANG_WARN_INT_CONVERSION = YES;
				CLANG_WARN_OBJC_ROOT_CLASS = YES_ERROR;
				CLANG_WARN__DUPLICATE_METHOD_MATCH = YES;
				"CODE_SIGN_IDENTITY[sdk=iphoneos*]" = "iPhone Developer";
				COPY_PHASE_STRIP = NO;
				GCC_C_LANGUAGE_STANDARD = gnu99;
				GCC_DYNAMIC_NO_PIC = NO;
				GCC_OPTIMIZATION_LEVEL = 0;
				GCC_PREPROCESSOR_DEFINITIONS = (
					"DEBUG=1",
					"$(inherited)",
				);
				GCC_SYMBOLS_PRIVATE_EXTERN = NO;
				GCC_WARN_64_TO_32_BIT_CONVERSION = YES;
				GCC_WARN_ABOUT_RETURN_TYPE = YES_ERROR;
				GCC_WARN_UNDECLARED_SELECTOR = YES;
				GCC_WARN_UNINITIALIZED_AUTOS = YES_AGGRESSIVE;
				GCC_WARN_UNUSED_FUNCTION = YES;
				GCC_WARN_UNUSED_VARIABLE = YES;
				IPHONEOS_DEPLOYMENT_TARGET = 7.1;
				ONLY_ACTIVE_ARCH = YES;
				SDKROOT = iphoneos;
			};
			name = Debug;
		};
		0BA7AF97191D4DAF0035C607 /* Release */ = {
			isa = XCBuildConfiguration;
			buildSettings = {
				ALWAYS_SEARCH_USER_PATHS = NO;
				CLANG_CXX_LANGUAGE_STANDARD = "gnu++0x";
				CLANG_CXX_LIBRARY = "libc++";
				CLANG_ENABLE_MODULES = YES;
				CLANG_ENABLE_OBJC_ARC = YES;
				CLANG_WARN_BOOL_CONVERSION = YES;
				CLANG_WARN_CONSTANT_CONVERSION = YES;
				CLANG_WARN_DIRECT_OBJC_ISA_USAGE = YES_ERROR;
				CLANG_WARN_EMPTY_BODY = YES;
				CLANG_WARN_ENUM_CONVERSION = YES;
				CLANG_WARN_INT_CONVERSION = YES;
				CLANG_WARN_OBJC_ROOT_CLASS = YES_ERROR;
				CLANG_WARN__DUPLICATE_METHOD_MATCH = YES;
				"CODE_SIGN_IDENTITY[sdk=iphoneos*]" = "iPhone Developer";
				COPY_PHASE_STRIP = YES;
				ENABLE_NS_ASSERTIONS = NO;
				GCC_C_LANGUAGE_STANDARD = gnu99;
				GCC_WARN_64_TO_32_BIT_CONVERSION = YES;
				GCC_WARN_ABOUT_RETURN_TYPE = YES_ERROR;
				GCC_WARN_UNDECLARED_SELECTOR = YES;
				GCC_WARN_UNINITIALIZED_AUTOS = YES_AGGRESSIVE;
				GCC_WARN_UNUSED_FUNCTION = YES;
				GCC_WARN_UNUSED_VARIABLE = YES;
				IPHONEOS_DEPLOYMENT_TARGET = 7.1;
				SDKROOT = iphoneos;
				VALIDATE_PRODUCT = YES;
			};
			name = Release;
		};
		0BA7AF99191D4DAF0035C607 /* Debug */ = {
			isa = XCBuildConfiguration;
			buildSettings = {
				ASSETCATALOG_COMPILER_APPICON_NAME = AppIcon;
				ASSETCATALOG_COMPILER_LAUNCHIMAGE_NAME = LaunchImage;
				GCC_PRECOMPILE_PREFIX_HEADER = YES;
				GCC_PREFIX_HEADER = "TesteAppFinal/TesteAppFinal-Prefix.pch";
				INFOPLIST_FILE = "TesteAppFinal/TesteAppFinal-Info.plist";
				PRODUCT_NAME = "$(TARGET_NAME)";
				WRAPPER_EXTENSION = app;
			};
			name = Debug;
		};
		0BA7AF9A191D4DAF0035C607 /* Release */ = {
			isa = XCBuildConfiguration;
			buildSettings = {
				ASSETCATALOG_COMPILER_APPICON_NAME = AppIcon;
				ASSETCATALOG_COMPILER_LAUNCHIMAGE_NAME = LaunchImage;
				GCC_PRECOMPILE_PREFIX_HEADER = YES;
				GCC_PREFIX_HEADER = "TesteAppFinal/TesteAppFinal-Prefix.pch";
				INFOPLIST_FILE = "TesteAppFinal/TesteAppFinal-Info.plist";
				PRODUCT_NAME = "$(TARGET_NAME)";
				WRAPPER_EXTENSION = app;
			};
			name = Release;
		};
		0BA7AF9C191D4DAF0035C607 /* Debug */ = {
			isa = XCBuildConfiguration;
			buildSettings = {
				BUNDLE_LOADER = "$(BUILT_PRODUCTS_DIR)/TesteAppFinal.app/TesteAppFinal";
				FRAMEWORK_SEARCH_PATHS = (
					"$(SDKROOT)/Developer/Library/Frameworks",
					"$(inherited)",
					"$(DEVELOPER_FRAMEWORKS_DIR)",
				);
				GCC_PRECOMPILE_PREFIX_HEADER = YES;
				GCC_PREFIX_HEADER = "TesteAppFinal/TesteAppFinal-Prefix.pch";
				GCC_PREPROCESSOR_DEFINITIONS = (
					"DEBUG=1",
					"$(inherited)",
				);
				INFOPLIST_FILE = "TesteAppFinalTests/TesteAppFinalTests-Info.plist";
				PRODUCT_NAME = "$(TARGET_NAME)";
				TEST_HOST = "$(BUNDLE_LOADER)";
				WRAPPER_EXTENSION = xctest;
			};
			name = Debug;
		};
		0BA7AF9D191D4DAF0035C607 /* Release */ = {
			isa = XCBuildConfiguration;
			buildSettings = {
				BUNDLE_LOADER = "$(BUILT_PRODUCTS_DIR)/TesteAppFinal.app/TesteAppFinal";
				FRAMEWORK_SEARCH_PATHS = (
					"$(SDKROOT)/Developer/Library/Frameworks",
					"$(inherited)",
					"$(DEVELOPER_FRAMEWORKS_DIR)",
				);
				GCC_PRECOMPILE_PREFIX_HEADER = YES;
				GCC_PREFIX_HEADER = "TesteAppFinal/TesteAppFinal-Prefix.pch";
				INFOPLIST_FILE = "TesteAppFinalTests/TesteAppFinalTests-Info.plist";
				PRODUCT_NAME = "$(TARGET_NAME)";
				TEST_HOST = "$(BUNDLE_LOADER)";
				WRAPPER_EXTENSION = xctest;
			};
			name = Release;
		};
/* End XCBuildConfiguration section */

/* Begin XCConfigurationList section */
		0BA7AF61191D4DAF0035C607 /* Build configuration list for PBXProject "TesteAppFinal" */ = {
			isa = XCConfigurationList;
			buildConfigurations = (
				0BA7AF96191D4DAF0035C607 /* Debug */,
				0BA7AF97191D4DAF0035C607 /* Release */,
			);
			defaultConfigurationIsVisible = 0;
			defaultConfigurationName = Release;
		};
		0BA7AF98191D4DAF0035C607 /* Build configuration list for PBXNativeTarget "TesteAppFinal" */ = {
			isa = XCConfigurationList;
			buildConfigurations = (
				0BA7AF99191D4DAF0035C607 /* Debug */,
				0BA7AF9A191D4DAF0035C607 /* Release */,
			);
			defaultConfigurationIsVisible = 0;
			defaultConfigurationName = Release;
		};
		0BA7AF9B191D4DAF0035C607 /* Build configuration list for PBXNativeTarget "TesteAppFinalTests" */ = {
			isa = XCConfigurationList;
			buildConfigurations = (
				0BA7AF9C191D4DAF0035C607 /* Debug */,
				0BA7AF9D191D4DAF0035C607 /* Release */,
			);
			defaultConfigurationIsVisible = 0;
			defaultConfigurationName = Release;
		};
/* End XCConfigurationList section */
	};
	rootObject = 0BA7AF5E191D4DAF0035C607 /* Project object */;
}
